
Microsoft Visual Studio Solution File, Format Version 12.00
# Visual Studio Version 17
VisualStudioVersion = 17.0.31903.59
MinimumVisualStudioVersion = 10.0.40219.1
Project("{2150E333-8FDC-42A3-9474-1A3956D46DE8}") = "backend", "backend", "{1AE8ACA6-933B-BF2A-3671-3E2EAC007D16}"
EndProject
Project("{FAE04EC0-301F-11D3-BF4B-00C04F79EFBC}") = "ChemicalDispersionWater.Api", "backend\ChemicalDispersionWater.Api\ChemicalDispersionWater.Api.csproj", "{A197AF3F-8A69-42C4-9C4C-8E362DFE6744}"
EndProject
Project("{FAE04EC0-301F-11D3-BF4B-00C04F79EFBC}") = "ChemicalDispersionWater.Domain", "backend\ChemicalDispersionWater.Domain\ChemicalDispersionWater.Domain.csproj", "{6E892EA5-5DFC-4B50-96C5-29B9ADA7947A}"
EndProject
Project("{FAE04EC0-301F-11D3-BF4B-00C04F79EFBC}") = "ChemicalDispersionWater.FluidDynamics", "backend\ChemicalDispersionWater.FluidDynamics\ChemicalDispersionWater.FluidDynamics.csproj", "{FE11B6CF-21F7-480B-8235-F94E0911766B}"
EndProject
Project("{FAE04EC0-301F-11D3-BF4B-00C04F79EFBC}") = "ChemicalDispersionWater.WeatherTidal", "backend\ChemicalDispersionWater.WeatherTidal\ChemicalDispersionWater.WeatherTidal.csproj", "{ADAEC507-4622-47AF-A2B3-FECBF57B8E39}"
EndProject
Project("{2150E333-8FDC-42A3-9474-1A3956D46DE8}") = "frontend", "frontend", "{CE609670-85B9-0D16-FB54-ED063D5D8A6D}"
EndProject
Project("{FAE04EC0-301F-11D3-BF4B-00C04F79EFBC}") = "ChemicalDispersionWater.Blazor", "frontend\ChemicalDispersionWater.Blazor\ChemicalDispersionWater.Blazor.csproj", "{E2D5C470-8814-403B-B3DD-AD3004DFB54F}"
EndProject
Project("{2150E333-8FDC-42A3-9474-1A3956D46DE8}") = "shared", "shared", "{4F52FD11-658E-A102-6CD3-7D7C16FFA15B}"
EndProject
Project("{FAE04EC0-301F-11D3-BF4B-00C04F79EFBC}") = "ChemicalDispersionWater.SharedModels", "shared\ChemicalDispersionWater.SharedModels\ChemicalDispersionWater.SharedModels.csproj", "{8F71FCD6-7F55-429B-A74B-841D683A3FBA}"
EndProject
Global
	GlobalSection(SolutionConfigurationPlatforms) = preSolution
		Debug|Any CPU = Debug|Any CPU
		Debug|x64 = Debug|x64
		Debug|x86 = Debug|x86
		Release|Any CPU = Release|Any CPU
		Release|x64 = Release|x64
		Release|x86 = Release|x86
	EndGlobalSection
	GlobalSection(ProjectConfigurationPlatforms) = postSolution
		{A197AF3F-8A69-42C4-9C4C-8E362DFE6744}.Debug|Any CPU.ActiveCfg = Debug|Any CPU
		{A197AF3F-8A69-42C4-9C4C-8E362DFE6744}.Debug|Any CPU.Build.0 = Debug|Any CPU
		{A197AF3F-8A69-42C4-9C4C-8E362DFE6744}.Debug|x64.ActiveCfg = Debug|Any CPU
		{A197AF3F-8A69-42C4-9C4C-8E362DFE6744}.Debug|x64.Build.0 = Debug|Any CPU
		{A197AF3F-8A69-42C4-9C4C-8E362DFE6744}.Debug|x86.ActiveCfg = Debug|Any CPU
		{A197AF3F-8A69-42C4-9C4C-8E362DFE6744}.Debug|x86.Build.0 = Debug|Any CPU
		{A197AF3F-8A69-42C4-9C4C-8E362DFE6744}.Release|Any CPU.ActiveCfg = Release|Any CPU
		{A197AF3F-8A69-42C4-9C4C-8E362DFE6744}.Release|Any CPU.Build.0 = Release|Any CPU
		{A197AF3F-8A69-42C4-9C4C-8E362DFE6744}.Release|x64.ActiveCfg = Release|Any CPU
		{A197AF3F-8A69-42C4-9C4C-8E362DFE6744}.Release|x64.Build.0 = Release|Any CPU
		{A197AF3F-8A69-42C4-9C4C-8E362DFE6744}.Release|x86.ActiveCfg = Release|Any CPU
		{A197AF3F-8A69-42C4-9C4C-8E362DFE6744}.Release|x86.Build.0 = Release|Any CPU
		{6E892EA5-5DFC-4B50-96C5-29B9ADA7947A}.Debug|Any CPU.ActiveCfg = Debug|Any CPU
		{6E892EA5-5DFC-4B50-96C5-29B9ADA7947A}.Debug|Any CPU.Build.0 = Debug|Any CPU
		{6E892EA5-5DFC-4B50-96C5-29B9ADA7947A}.Debug|x64.ActiveCfg = Debug|Any CPU
		{6E892EA5-5DFC-4B50-96C5-29B9ADA7947A}.Debug|x64.Build.0 = Debug|Any CPU
		{6E892EA5-5DFC-4B50-96C5-29B9ADA7947A}.Debug|x86.ActiveCfg = Debug|Any CPU
		{6E892EA5-5DFC-4B50-96C5-29B9ADA7947A}.Debug|x86.Build.0 = Debug|Any CPU
		{6E892EA5-5DFC-4B50-96C5-29B9ADA7947A}.Release|Any CPU.ActiveCfg = Release|Any CPU
		{6E892EA5-5DFC-4B50-96C5-29B9ADA7947A}.Release|Any CPU.Build.0 = Release|Any CPU
		{6E892EA5-5DFC-4B50-96C5-29B9ADA7947A}.Release|x64.ActiveCfg = Release|Any CPU
		{6E892EA5-5DFC-4B50-96C5-29B9ADA7947A}.Release|x64.Build.0 = Release|Any CPU
		{6E892EA5-5DFC-4B50-96C5-29B9ADA7947A}.Release|x86.ActiveCfg = Release|Any CPU
		{6E892EA5-5DFC-4B50-96C5-29B9ADA7947A}.Release|x86.Build.0 = Release|Any CPU
		{FE11B6CF-21F7-480B-8235-F94E0911766B}.Debug|Any CPU.ActiveCfg = Debug|Any CPU
		{FE11B6CF-21F7-480B-8235-F94E0911766B}.Debug|Any CPU.Build.0 = Debug|Any CPU
		{FE11B6CF-21F7-480B-8235-F94E0911766B}.Debug|x64.ActiveCfg = Debug|Any CPU
		{FE11B6CF-21F7-480B-8235-F94E0911766B}.Debug|x64.Build.0 = Debug|Any CPU
		{FE11B6CF-21F7-480B-8235-F94E0911766B}.Debug|x86.ActiveCfg = Debug|Any CPU
		{FE11B6CF-21F7-480B-8235-F94E0911766B}.Debug|x86.Build.0 = Debug|Any CPU
		{FE11B6CF-21F7-480B-8235-F94E0911766B}.Release|Any CPU.ActiveCfg = Release|Any CPU
		{FE11B6CF-21F7-480B-8235-F94E0911766B}.Release|Any CPU.Build.0 = Release|Any CPU
		{FE11B6CF-21F7-480B-8235-F94E0911766B}.Release|x64.ActiveCfg = Release|Any CPU
		{FE11B6CF-21F7-480B-8235-F94E0911766B}.Release|x64.Build.0 = Release|Any CPU
		{FE11B6CF-21F7-480B-8235-F94E0911766B}.Release|x86.ActiveCfg = Release|Any CPU
		{FE11B6CF-21F7-480B-8235-F94E0911766B}.Release|x86.Build.0 = Release|Any CPU
		{ADAEC507-4622-47AF-A2B3-FECBF57B8E39}.Debug|Any CPU.ActiveCfg = Debug|Any CPU
		{ADAEC507-4622-47AF-A2B3-FECBF57B8E39}.Debug|Any CPU.Build.0 = Debug|Any CPU
		{ADAEC507-4622-47AF-A2B3-FECBF57B8E39}.Debug|x64.ActiveCfg = Debug|Any CPU
		{ADAEC507-4622-47AF-A2B3-FECBF57B8E39}.Debug|x64.Build.0 = Debug|Any CPU
		{ADAEC507-4622-47AF-A2B3-FECBF57B8E39}.Debug|x86.ActiveCfg = Debug|Any CPU
		{ADAEC507-4622-47AF-A2B3-FECBF57B8E39}.Debug|x86.Build.0 = Debug|Any CPU
		{ADAEC507-4622-47AF-A2B3-FECBF57B8E39}.Release|Any CPU.ActiveCfg = Release|Any CPU
		{ADAEC507-4622-47AF-A2B3-FECBF57B8E39}.Release|Any CPU.Build.0 = Release|Any CPU
		{ADAEC507-4622-47AF-A2B3-FECBF57B8E39}.Release|x64.ActiveCfg = Release|Any CPU
		{ADAEC507-4622-47AF-A2B3-FECBF57B8E39}.Release|x64.Build.0 = Release|Any CPU
		{ADAEC507-4622-47AF-A2B3-FECBF57B8E39}.Release|x86.ActiveCfg = Release|Any CPU
		{ADAEC507-4622-47AF-A2B3-FECBF57B8E39}.Release|x86.Build.0 = Release|Any CPU
		{E2D5C470-8814-403B-B3DD-AD3004DFB54F}.Debug|Any CPU.ActiveCfg = Debug|Any CPU
		{E2D5C470-8814-403B-B3DD-AD3004DFB54F}.Debug|Any CPU.Build.0 = Debug|Any CPU
		{E2D5C470-8814-403B-B3DD-AD3004DFB54F}.Debug|x64.ActiveCfg = Debug|Any CPU
		{E2D5C470-8814-403B-B3DD-AD3004DFB54F}.Debug|x64.Build.0 = Debug|Any CPU
		{E2D5C470-8814-403B-B3DD-AD3004DFB54F}.Debug|x86.ActiveCfg = Debug|Any CPU
		{E2D5C470-8814-403B-B3DD-AD3004DFB54F}.Debug|x86.Build.0 = Debug|Any CPU
		{E2D5C470-8814-403B-B3DD-AD3004DFB54F}.Release|Any CPU.ActiveCfg = Release|Any CPU
		{E2D5C470-8814-403B-B3DD-AD3004DFB54F}.Release|Any CPU.Build.0 = Release|Any CPU
		{E2D5C470-8814-403B-B3DD-AD3004DFB54F}.Release|x64.ActiveCfg = Release|Any CPU
		{E2D5C470-8814-403B-B3DD-AD3004DFB54F}.Release|x64.Build.0 = Release|Any CPU
		{E2D5C470-8814-403B-B3DD-AD3004DFB54F}.Release|x86.ActiveCfg = Release|Any CPU
		{E2D5C470-8814-403B-B3DD-AD3004DFB54F}.Release|x86.Build.0 = Release|Any CPU
		{8F71FCD6-7F55-429B-A74B-841D683A3FBA}.Debug|Any CPU.ActiveCfg = Debug|Any CPU
		{8F71FCD6-7F55-429B-A74B-841D683A3FBA}.Debug|Any CPU.Build.0 = Debug|Any CPU
		{8F71FCD6-7F55-429B-A74B-841D683A3FBA}.Debug|x64.ActiveCfg = Debug|Any CPU
		{8F71FCD6-7F55-429B-A74B-841D683A3FBA}.Debug|x64.Build.0 = Debug|Any CPU
		{8F71FCD6-7F55-429B-A74B-841D683A3FBA}.Debug|x86.ActiveCfg = Debug|Any CPU
		{8F71FCD6-7F55-429B-A74B-841D683A3FBA}.Debug|x86.Build.0 = Debug|Any CPU
		{8F71FCD6-7F55-429B-A74B-841D683A3FBA}.Release|Any CPU.ActiveCfg = Release|Any CPU
		{8F71FCD6-7F55-429B-A74B-841D683A3FBA}.Release|Any CPU.Build.0 = Release|Any CPU
		{8F71FCD6-7F55-429B-A74B-841D683A3FBA}.Release|x64.ActiveCfg = Release|Any CPU
		{8F71FCD6-7F55-429B-A74B-841D683A3FBA}.Release|x64.Build.0 = Release|Any CPU
		{8F71FCD6-7F55-429B-A74B-841D683A3FBA}.Release|x86.ActiveCfg = Release|Any CPU
		{8F71FCD6-7F55-429B-A74B-841D683A3FBA}.Release|x86.Build.0 = Release|Any CPU
	EndGlobalSection
	GlobalSection(SolutionProperties) = preSolution
		HideSolutionNode = FALSE
	EndGlobalSection
	GlobalSection(NestedProjects) = preSolution
		{A197AF3F-8A69-42C4-9C4C-8E362DFE6744} = {1AE8ACA6-933B-BF2A-3671-3E2EAC007D16}
		{6E892EA5-5DFC-4B50-96C5-29B9ADA7947A} = {1AE8ACA6-933B-BF2A-3671-3E2EAC007D16}
		{FE11B6CF-21F7-480B-8235-F94E0911766B} = {1AE8ACA6-933B-BF2A-3671-3E2EAC007D16}
		{ADAEC507-4622-47AF-A2B3-FECBF57B8E39} = {1AE8ACA6-933B-BF2A-3671-3E2EAC007D16}
		{E2D5C470-8814-403B-B3DD-AD3004DFB54F} = {CE609670-85B9-0D16-FB54-ED063D5D8A6D}
		{8F71FCD6-7F55-429B-A74B-841D683A3FBA} = {4F52FD11-658E-A102-6CD3-7D7C16FFA15B}
	EndGlobalSection
EndGlobal
